// !$*UTF8*$!
{
	archiveVersion = 1;
	classes = {
	};
	objectVersion = 52;
	objects = {

/* Begin PBXBuildFile section */
		52348DE7258241C2006DBE87 /* AppDelegate.swift in Sources */ = {isa = PBXBuildFile; fileRef = 52348DE6258241C2006DBE87 /* AppDelegate.swift */; };
		52348DEE258241C2006DBE87 /* Main.storyboard in Resources */ = {isa = PBXBuildFile; fileRef = 52348DEC258241C2006DBE87 /* Main.storyboard */; };
		52348DF0258241C6006DBE87 /* Assets.xcassets in Resources */ = {isa = PBXBuildFile; fileRef = 52348DEF258241C6006DBE87 /* Assets.xcassets */; };
		52348DF3258241C6006DBE87 /* LaunchScreen.storyboard in Resources */ = {isa = PBXBuildFile; fileRef = 52348DF1258241C6006DBE87 /* LaunchScreen.storyboard */; };
		52348DFE258241C6006DBE87 /* GitHubRepofinderTests.swift in Sources */ = {isa = PBXBuildFile; fileRef = 52348DFD258241C6006DBE87 /* GitHubRepofinderTests.swift */; };
		52348E09258241C6006DBE87 /* GitHubRepofinderUITests.swift in Sources */ = {isa = PBXBuildFile; fileRef = 52348E08258241C6006DBE87 /* GitHubRepofinderUITests.swift */; };
		52348E322582482B006DBE87 /* MainViewController.swift in Sources */ = {isa = PBXBuildFile; fileRef = 52348E312582482A006DBE87 /* MainViewController.swift */; };
		52348E372582484D006DBE87 /* DetailsViewController.swift in Sources */ = {isa = PBXBuildFile; fileRef = 52348E362582484D006DBE87 /* DetailsViewController.swift */; };
		523C87E62582E3E200A56998 /* ARSLineProgressHelpers.swift in Sources */ = {isa = PBXBuildFile; fileRef = 523C87DC2582E3E200A56998 /* ARSLineProgressHelpers.swift */; };
		523C87E72582E3E200A56998 /* ARSLineProgressTypeAliases.swift in Sources */ = {isa = PBXBuildFile; fileRef = 523C87DD2582E3E200A56998 /* ARSLineProgressTypeAliases.swift */; };
		523C87E82582E3E200A56998 /* ARSInfiniteLoader.swift in Sources */ = {isa = PBXBuildFile; fileRef = 523C87DE2582E3E200A56998 /* ARSInfiniteLoader.swift */; };
		523C87E92582E3E200A56998 /* ARSLineProgressConstants.swift in Sources */ = {isa = PBXBuildFile; fileRef = 523C87DF2582E3E200A56998 /* ARSLineProgressConstants.swift */; };
		523C87EA2582E3E200A56998 /* ARSLineProgress.swift in Sources */ = {isa = PBXBuildFile; fileRef = 523C87E02582E3E200A56998 /* ARSLineProgress.swift */; };
		523C87EB2582E3E200A56998 /* ARSLineProgressExtensions.swift in Sources */ = {isa = PBXBuildFile; fileRef = 523C87E12582E3E200A56998 /* ARSLineProgressExtensions.swift */; };
		523C87EC2582E3E200A56998 /* ARSLineProgressCustomization.swift in Sources */ = {isa = PBXBuildFile; fileRef = 523C87E22582E3E200A56998 /* ARSLineProgressCustomization.swift */; };
		523C87ED2582E3E200A56998 /* ARSStatus.swift in Sources */ = {isa = PBXBuildFile; fileRef = 523C87E32582E3E200A56998 /* ARSStatus.swift */; };
		523C87EE2582E3E200A56998 /* ARSProgressLoader.swift in Sources */ = {isa = PBXBuildFile; fileRef = 523C87E42582E3E200A56998 /* ARSProgressLoader.swift */; };
		523C87EF2582E3E200A56998 /* ARSLineProgressProtocols.swift in Sources */ = {isa = PBXBuildFile; fileRef = 523C87E52582E3E200A56998 /* ARSLineProgressProtocols.swift */; };
		5278FAF4258265F2000B2313 /* ExtenstionUINavController.swift in Sources */ = {isa = PBXBuildFile; fileRef = 5278FAF3258265F2000B2313 /* ExtenstionUINavController.swift */; };
		52AE57BE25829F9F004F8DD7 /* Constants.swift in Sources */ = {isa = PBXBuildFile; fileRef = 52AE57BD25829F9F004F8DD7 /* Constants.swift */; };
		52AE57C62582AB49004F8DD7 /* ExtensionLettersSpacing.swift in Sources */ = {isa = PBXBuildFile; fileRef = 52AE57C52582AB49004F8DD7 /* ExtensionLettersSpacing.swift */; };
		52AE57CC2582AE72004F8DD7 /* MainCell.swift in Sources */ = {isa = PBXBuildFile; fileRef = 52AE57CA2582AE72004F8DD7 /* MainCell.swift */; };
		52AE57CD2582AE72004F8DD7 /* MainCell.xib in Resources */ = {isa = PBXBuildFile; fileRef = 52AE57CB2582AE72004F8DD7 /* MainCell.xib */; };
		52AE57D22582B10C004F8DD7 /* SF-Pro-Text-Semibold.otf in Resources */ = {isa = PBXBuildFile; fileRef = 52AE57D12582B10C004F8DD7 /* SF-Pro-Text-Semibold.otf */; };
		52AE57DE2582B204004F8DD7 /* SF-Pro-Display-Bold.otf in Resources */ = {isa = PBXBuildFile; fileRef = 52AE57DC2582B204004F8DD7 /* SF-Pro-Display-Bold.otf */; };
		52AE57DF2582B204004F8DD7 /* SF-Pro.ttf in Resources */ = {isa = PBXBuildFile; fileRef = 52AE57DD2582B204004F8DD7 /* SF-Pro.ttf */; };
		52E9AEE82582BAA800C86A26 /* SF-Pro-Text-Regular.otf in Resources */ = {isa = PBXBuildFile; fileRef = 52E9AEE72582BAA800C86A26 /* SF-Pro-Text-Regular.otf */; };
		52E9AEF12582BFF000C86A26 /* Alamofire in Frameworks */ = {isa = PBXBuildFile; productRef = 52E9AEF02582BFF000C86A26 /* Alamofire */; };
		52E9AEF72582C01500C86A26 /* SwiftyJSON in Frameworks */ = {isa = PBXBuildFile; productRef = 52E9AEF62582C01500C86A26 /* SwiftyJSON */; };
		52E9AEFD2582C04700C86A26 /* IQKeyboardManagerSwift in Frameworks */ = {isa = PBXBuildFile; productRef = 52E9AEFC2582C04700C86A26 /* IQKeyboardManagerSwift */; };
		52E9AF032582C06B00C86A26 /* SDWebImage in Frameworks */ = {isa = PBXBuildFile; productRef = 52E9AF022582C06B00C86A26 /* SDWebImage */; };
		52E9AF082582C28100C86A26 /* GitHubDataModel.swift in Sources */ = {isa = PBXBuildFile; fileRef = 52E9AF072582C28100C86A26 /* GitHubDataModel.swift */; };
/* End PBXBuildFile section */

/* Begin PBXContainerItemProxy section */
		52348DFA258241C6006DBE87 /* PBXContainerItemProxy */ = {
			isa = PBXContainerItemProxy;
			containerPortal = 52348DDB258241C2006DBE87 /* Project object */;
			proxyType = 1;
			remoteGlobalIDString = 52348DE2258241C2006DBE87;
			remoteInfo = GitHubRepofinder;
		};
		52348E05258241C6006DBE87 /* PBXContainerItemProxy */ = {
			isa = PBXContainerItemProxy;
			containerPortal = 52348DDB258241C2006DBE87 /* Project object */;
			proxyType = 1;
			remoteGlobalIDString = 52348DE2258241C2006DBE87;
			remoteInfo = GitHubRepofinder;
		};
/* End PBXContainerItemProxy section */

/* Begin PBXFileReference section */
		52348DE3258241C2006DBE87 /* GitHubRepofinder.app */ = {isa = PBXFileReference; explicitFileType = wrapper.application; includeInIndex = 0; path = GitHubRepofinder.app; sourceTree = BUILT_PRODUCTS_DIR; };
		52348DE6258241C2006DBE87 /* AppDelegate.swift */ = {isa = PBXFileReference; lastKnownFileType = sourcecode.swift; path = AppDelegate.swift; sourceTree = "<group>"; };
		52348DED258241C2006DBE87 /* Base */ = {isa = PBXFileReference; lastKnownFileType = file.storyboard; name = Base; path = Base.lproj/Main.storyboard; sourceTree = "<group>"; };
		52348DEF258241C6006DBE87 /* Assets.xcassets */ = {isa = PBXFileReference; lastKnownFileType = folder.assetcatalog; path = Assets.xcassets; sourceTree = "<group>"; };
		52348DF2258241C6006DBE87 /* Base */ = {isa = PBXFileReference; lastKnownFileType = file.storyboard; name = Base; path = Base.lproj/LaunchScreen.storyboard; sourceTree = "<group>"; };
		52348DF4258241C6006DBE87 /* Info.plist */ = {isa = PBXFileReference; lastKnownFileType = text.plist.xml; path = Info.plist; sourceTree = "<group>"; };
		52348DF9258241C6006DBE87 /* GitHubRepofinderTests.xctest */ = {isa = PBXFileReference; explicitFileType = wrapper.cfbundle; includeInIndex = 0; path = GitHubRepofinderTests.xctest; sourceTree = BUILT_PRODUCTS_DIR; };
		52348DFD258241C6006DBE87 /* GitHubRepofinderTests.swift */ = {isa = PBXFileReference; lastKnownFileType = sourcecode.swift; path = GitHubRepofinderTests.swift; sourceTree = "<group>"; };
		52348DFF258241C6006DBE87 /* Info.plist */ = {isa = PBXFileReference; lastKnownFileType = text.plist.xml; path = Info.plist; sourceTree = "<group>"; };
		52348E04258241C6006DBE87 /* GitHubRepofinderUITests.xctest */ = {isa = PBXFileReference; explicitFileType = wrapper.cfbundle; includeInIndex = 0; path = GitHubRepofinderUITests.xctest; sourceTree = BUILT_PRODUCTS_DIR; };
		52348E08258241C6006DBE87 /* GitHubRepofinderUITests.swift */ = {isa = PBXFileReference; lastKnownFileType = sourcecode.swift; path = GitHubRepofinderUITests.swift; sourceTree = "<group>"; };
		52348E0A258241C6006DBE87 /* Info.plist */ = {isa = PBXFileReference; lastKnownFileType = text.plist.xml; path = Info.plist; sourceTree = "<group>"; };
		52348E312582482A006DBE87 /* MainViewController.swift */ = {isa = PBXFileReference; lastKnownFileType = sourcecode.swift; path = MainViewController.swift; sourceTree = "<group>"; };
		52348E362582484D006DBE87 /* DetailsViewController.swift */ = {isa = PBXFileReference; lastKnownFileType = sourcecode.swift; path = DetailsViewController.swift; sourceTree = "<group>"; };
		523C87DC2582E3E200A56998 /* ARSLineProgressHelpers.swift */ = {isa = PBXFileReference; fileEncoding = 4; lastKnownFileType = sourcecode.swift; path = ARSLineProgressHelpers.swift; sourceTree = "<group>"; };
		523C87DD2582E3E200A56998 /* ARSLineProgressTypeAliases.swift */ = {isa = PBXFileReference; fileEncoding = 4; lastKnownFileType = sourcecode.swift; path = ARSLineProgressTypeAliases.swift; sourceTree = "<group>"; };
		523C87DE2582E3E200A56998 /* ARSInfiniteLoader.swift */ = {isa = PBXFileReference; fileEncoding = 4; lastKnownFileType = sourcecode.swift; path = ARSInfiniteLoader.swift; sourceTree = "<group>"; };
		523C87DF2582E3E200A56998 /* ARSLineProgressConstants.swift */ = {isa = PBXFileReference; fileEncoding = 4; lastKnownFileType = sourcecode.swift; path = ARSLineProgressConstants.swift; sourceTree = "<group>"; };
		523C87E02582E3E200A56998 /* ARSLineProgress.swift */ = {isa = PBXFileReference; fileEncoding = 4; lastKnownFileType = sourcecode.swift; path = ARSLineProgress.swift; sourceTree = "<group>"; };
		523C87E12582E3E200A56998 /* ARSLineProgressExtensions.swift */ = {isa = PBXFileReference; fileEncoding = 4; lastKnownFileType = sourcecode.swift; path = ARSLineProgressExtensions.swift; sourceTree = "<group>"; };
		523C87E22582E3E200A56998 /* ARSLineProgressCustomization.swift */ = {isa = PBXFileReference; fileEncoding = 4; lastKnownFileType = sourcecode.swift; path = ARSLineProgressCustomization.swift; sourceTree = "<group>"; };
		523C87E32582E3E200A56998 /* ARSStatus.swift */ = {isa = PBXFileReference; fileEncoding = 4; lastKnownFileType = sourcecode.swift; path = ARSStatus.swift; sourceTree = "<group>"; };
		523C87E42582E3E200A56998 /* ARSProgressLoader.swift */ = {isa = PBXFileReference; fileEncoding = 4; lastKnownFileType = sourcecode.swift; path = ARSProgressLoader.swift; sourceTree = "<group>"; };
		523C87E52582E3E200A56998 /* ARSLineProgressProtocols.swift */ = {isa = PBXFileReference; fileEncoding = 4; lastKnownFileType = sourcecode.swift; path = ARSLineProgressProtocols.swift; sourceTree = "<group>"; };
		5278FAF3258265F2000B2313 /* ExtenstionUINavController.swift */ = {isa = PBXFileReference; lastKnownFileType = sourcecode.swift; path = ExtenstionUINavController.swift; sourceTree = "<group>"; };
		52AE57BD25829F9F004F8DD7 /* Constants.swift */ = {isa = PBXFileReference; lastKnownFileType = sourcecode.swift; path = Constants.swift; sourceTree = "<group>"; };
		52AE57C52582AB49004F8DD7 /* ExtensionLettersSpacing.swift */ = {isa = PBXFileReference; lastKnownFileType = sourcecode.swift; path = ExtensionLettersSpacing.swift; sourceTree = "<group>"; };
		52AE57CA2582AE72004F8DD7 /* MainCell.swift */ = {isa = PBXFileReference; lastKnownFileType = sourcecode.swift; path = MainCell.swift; sourceTree = "<group>"; };
		52AE57CB2582AE72004F8DD7 /* MainCell.xib */ = {isa = PBXFileReference; lastKnownFileType = file.xib; path = MainCell.xib; sourceTree = "<group>"; };
		52AE57D12582B10C004F8DD7 /* SF-Pro-Text-Semibold.otf */ = {isa = PBXFileReference; lastKnownFileType = file; path = "SF-Pro-Text-Semibold.otf"; sourceTree = "<group>"; };
		52AE57DC2582B204004F8DD7 /* SF-Pro-Display-Bold.otf */ = {isa = PBXFileReference; lastKnownFileType = file; path = "SF-Pro-Display-Bold.otf"; sourceTree = "<group>"; };
		52AE57DD2582B204004F8DD7 /* SF-Pro.ttf */ = {isa = PBXFileReference; lastKnownFileType = file; path = "SF-Pro.ttf"; sourceTree = "<group>"; };
		52E9AEE72582BAA800C86A26 /* SF-Pro-Text-Regular.otf */ = {isa = PBXFileReference; lastKnownFileType = file; path = "SF-Pro-Text-Regular.otf"; sourceTree = "<group>"; };
		52E9AF072582C28100C86A26 /* GitHubDataModel.swift */ = {isa = PBXFileReference; lastKnownFileType = sourcecode.swift; path = GitHubDataModel.swift; sourceTree = "<group>"; };
/* End PBXFileReference section */

/* Begin PBXFrameworksBuildPhase section */
		52348DE0258241C2006DBE87 /* Frameworks */ = {
			isa = PBXFrameworksBuildPhase;
			buildActionMask = 2147483647;
			files = (
				52E9AEF72582C01500C86A26 /* SwiftyJSON in Frameworks */,
				52E9AEF12582BFF000C86A26 /* Alamofire in Frameworks */,
				52E9AF032582C06B00C86A26 /* SDWebImage in Frameworks */,
				52E9AEFD2582C04700C86A26 /* IQKeyboardManagerSwift in Frameworks */,
			);
			runOnlyForDeploymentPostprocessing = 0;
		};
		52348DF6258241C6006DBE87 /* Frameworks */ = {
			isa = PBXFrameworksBuildPhase;
			buildActionMask = 2147483647;
			files = (
			);
			runOnlyForDeploymentPostprocessing = 0;
		};
		52348E01258241C6006DBE87 /* Frameworks */ = {
			isa = PBXFrameworksBuildPhase;
			buildActionMask = 2147483647;
			files = (
			);
			runOnlyForDeploymentPostprocessing = 0;
		};
/* End PBXFrameworksBuildPhase section */

/* Begin PBXGroup section */
		52348DDA258241C2006DBE87 = {
			isa = PBXGroup;
			children = (
				52348DE5258241C2006DBE87 /* GitHubRepofinder */,
				52348DFC258241C6006DBE87 /* GitHubRepofinderTests */,
				52348E07258241C6006DBE87 /* GitHubRepofinderUITests */,
				52348DE4258241C2006DBE87 /* Products */,
			);
			sourceTree = "<group>";
		};
		52348DE4258241C2006DBE87 /* Products */ = {
			isa = PBXGroup;
			children = (
				52348DE3258241C2006DBE87 /* GitHubRepofinder.app */,
				52348DF9258241C6006DBE87 /* GitHubRepofinderTests.xctest */,
				52348E04258241C6006DBE87 /* GitHubRepofinderUITests.xctest */,
			);
			name = Products;
			sourceTree = "<group>";
		};
		52348DE5258241C2006DBE87 /* GitHubRepofinder */ = {
			isa = PBXGroup;
			children = (
				52348DE6258241C2006DBE87 /* AppDelegate.swift */,
				5278FAFC25829009000B2313 /* Models */,
				5278FAFD2582902B000B2313 /* Views */,
				5278FAFE2582903B000B2313 /* Controllers */,
				5278FAFF25829045000B2313 /* Extensions */,
				523C87DB2582E3E200A56998 /* Source */,
				5278FB0025829055000B2313 /* Supporting Files */,
			);
			path = GitHubRepofinder;
			sourceTree = "<group>";
		};
		52348DFC258241C6006DBE87 /* GitHubRepofinderTests */ = {
			isa = PBXGroup;
			children = (
				52348DFD258241C6006DBE87 /* GitHubRepofinderTests.swift */,
				52348DFF258241C6006DBE87 /* Info.plist */,
			);
			path = GitHubRepofinderTests;
			sourceTree = "<group>";
		};
		52348E07258241C6006DBE87 /* GitHubRepofinderUITests */ = {
			isa = PBXGroup;
			children = (
				52348E08258241C6006DBE87 /* GitHubRepofinderUITests.swift */,
				52348E0A258241C6006DBE87 /* Info.plist */,
			);
			path = GitHubRepofinderUITests;
			sourceTree = "<group>";
		};
		523C87DB2582E3E200A56998 /* Source */ = {
			isa = PBXGroup;
			children = (
				523C87DC2582E3E200A56998 /* ARSLineProgressHelpers.swift */,
				523C87DD2582E3E200A56998 /* ARSLineProgressTypeAliases.swift */,
				523C87DE2582E3E200A56998 /* ARSInfiniteLoader.swift */,
				523C87DF2582E3E200A56998 /* ARSLineProgressConstants.swift */,
				523C87E02582E3E200A56998 /* ARSLineProgress.swift */,
				523C87E12582E3E200A56998 /* ARSLineProgressExtensions.swift */,
				523C87E22582E3E200A56998 /* ARSLineProgressCustomization.swift */,
				523C87E32582E3E200A56998 /* ARSStatus.swift */,
				523C87E42582E3E200A56998 /* ARSProgressLoader.swift */,
				523C87E52582E3E200A56998 /* ARSLineProgressProtocols.swift */,
			);
			path = Source;
			sourceTree = "<group>";
		};
		5278FAFC25829009000B2313 /* Models */ = {
			isa = PBXGroup;
			children = (
				52AE57BD25829F9F004F8DD7 /* Constants.swift */,
				52E9AF072582C28100C86A26 /* GitHubDataModel.swift */,
			);
			path = Models;
			sourceTree = "<group>";
		};
		5278FAFD2582902B000B2313 /* Views */ = {
			isa = PBXGroup;
			children = (
				52348DEC258241C2006DBE87 /* Main.storyboard */,
				52AE57CA2582AE72004F8DD7 /* MainCell.swift */,
				52AE57CB2582AE72004F8DD7 /* MainCell.xib */,
			);
			path = Views;
			sourceTree = "<group>";
		};
		5278FAFE2582903B000B2313 /* Controllers */ = {
			isa = PBXGroup;
			children = (
				52348E312582482A006DBE87 /* MainViewController.swift */,
				52348E362582484D006DBE87 /* DetailsViewController.swift */,
			);
			path = Controllers;
			sourceTree = "<group>";
		};
		5278FAFF25829045000B2313 /* Extensions */ = {
			isa = PBXGroup;
			children = (
				5278FAF3258265F2000B2313 /* ExtenstionUINavController.swift */,
				52AE57C52582AB49004F8DD7 /* ExtensionLettersSpacing.swift */,
			);
			path = Extensions;
			sourceTree = "<group>";
		};
		5278FB0025829055000B2313 /* Supporting Files */ = {
			isa = PBXGroup;
			children = (
				52AE57B5258299FA004F8DD7 /* Fonts */,
				52348DF1258241C6006DBE87 /* LaunchScreen.storyboard */,
				52348DEF258241C6006DBE87 /* Assets.xcassets */,
				52348DF4258241C6006DBE87 /* Info.plist */,
			);
			path = "Supporting Files";
			sourceTree = "<group>";
		};
		52AE57B5258299FA004F8DD7 /* Fonts */ = {
			isa = PBXGroup;
			children = (
				52E9AEE72582BAA800C86A26 /* SF-Pro-Text-Regular.otf */,
				52AE57DC2582B204004F8DD7 /* SF-Pro-Display-Bold.otf */,
				52AE57DD2582B204004F8DD7 /* SF-Pro.ttf */,
				52AE57D12582B10C004F8DD7 /* SF-Pro-Text-Semibold.otf */,
			);
			path = Fonts;
			sourceTree = "<group>";
		};
/* End PBXGroup section */

/* Begin PBXNativeTarget section */
		52348DE2258241C2006DBE87 /* GitHubRepofinder */ = {
			isa = PBXNativeTarget;
			buildConfigurationList = 52348E0D258241C6006DBE87 /* Build configuration list for PBXNativeTarget "GitHubRepofinder" */;
			buildPhases = (
				52348DDF258241C2006DBE87 /* Sources */,
				52348DE0258241C2006DBE87 /* Frameworks */,
				52348DE1258241C2006DBE87 /* Resources */,
			);
			buildRules = (
			);
			dependencies = (
			);
			name = GitHubRepofinder;
			packageProductDependencies = (
				52E9AEF02582BFF000C86A26 /* Alamofire */,
				52E9AEF62582C01500C86A26 /* SwiftyJSON */,
				52E9AEFC2582C04700C86A26 /* IQKeyboardManagerSwift */,
				52E9AF022582C06B00C86A26 /* SDWebImage */,
			);
			productName = GitHubRepofinder;
			productReference = 52348DE3258241C2006DBE87 /* GitHubRepofinder.app */;
			productType = "com.apple.product-type.application";
		};
		52348DF8258241C6006DBE87 /* GitHubRepofinderTests */ = {
			isa = PBXNativeTarget;
			buildConfigurationList = 52348E10258241C6006DBE87 /* Build configuration list for PBXNativeTarget "GitHubRepofinderTests" */;
			buildPhases = (
				52348DF5258241C6006DBE87 /* Sources */,
				52348DF6258241C6006DBE87 /* Frameworks */,
				52348DF7258241C6006DBE87 /* Resources */,
			);
			buildRules = (
			);
			dependencies = (
				52348DFB258241C6006DBE87 /* PBXTargetDependency */,
			);
			name = GitHubRepofinderTests;
			productName = GitHubRepofinderTests;
			productReference = 52348DF9258241C6006DBE87 /* GitHubRepofinderTests.xctest */;
			productType = "com.apple.product-type.bundle.unit-test";
		};
		52348E03258241C6006DBE87 /* GitHubRepofinderUITests */ = {
			isa = PBXNativeTarget;
			buildConfigurationList = 52348E13258241C6006DBE87 /* Build configuration list for PBXNativeTarget "GitHubRepofinderUITests" */;
			buildPhases = (
				52348E00258241C6006DBE87 /* Sources */,
				52348E01258241C6006DBE87 /* Frameworks */,
				52348E02258241C6006DBE87 /* Resources */,
			);
			buildRules = (
			);
			dependencies = (
				52348E06258241C6006DBE87 /* PBXTargetDependency */,
			);
			name = GitHubRepofinderUITests;
			productName = GitHubRepofinderUITests;
			productReference = 52348E04258241C6006DBE87 /* GitHubRepofinderUITests.xctest */;
			productType = "com.apple.product-type.bundle.ui-testing";
		};
/* End PBXNativeTarget section */

/* Begin PBXProject section */
		52348DDB258241C2006DBE87 /* Project object */ = {
			isa = PBXProject;
			attributes = {
				LastSwiftUpdateCheck = 1210;
				LastUpgradeCheck = 1210;
				TargetAttributes = {
					52348DE2258241C2006DBE87 = {
						CreatedOnToolsVersion = 12.1;
					};
					52348DF8258241C6006DBE87 = {
						CreatedOnToolsVersion = 12.1;
						TestTargetID = 52348DE2258241C2006DBE87;
					};
					52348E03258241C6006DBE87 = {
						CreatedOnToolsVersion = 12.1;
						TestTargetID = 52348DE2258241C2006DBE87;
					};
				};
			};
			buildConfigurationList = 52348DDE258241C2006DBE87 /* Build configuration list for PBXProject "GitHubRepofinder" */;
			compatibilityVersion = "Xcode 9.3";
			developmentRegion = en;
			hasScannedForEncodings = 0;
			knownRegions = (
				en,
				Base,
			);
			mainGroup = 52348DDA258241C2006DBE87;
			packageReferences = (
				52E9AEEF2582BFF000C86A26 /* XCRemoteSwiftPackageReference "Alamofire" */,
				52E9AEF52582C01500C86A26 /* XCRemoteSwiftPackageReference "SwiftyJSON" */,
				52E9AEFB2582C04700C86A26 /* XCRemoteSwiftPackageReference "IQKeyboardManager" */,
				52E9AF012582C06B00C86A26 /* XCRemoteSwiftPackageReference "SDWebImage" */,
			);
			productRefGroup = 52348DE4258241C2006DBE87 /* Products */;
			projectDirPath = "";
			projectRoot = "";
			targets = (
				52348DE2258241C2006DBE87 /* GitHubRepofinder */,
				52348DF8258241C6006DBE87 /* GitHubRepofinderTests */,
				52348E03258241C6006DBE87 /* GitHubRepofinderUITests */,
			);
		};
/* End PBXProject section */

/* Begin PBXResourcesBuildPhase section */
		52348DE1258241C2006DBE87 /* Resources */ = {
			isa = PBXResourcesBuildPhase;
			buildActionMask = 2147483647;
			files = (
				52348DF3258241C6006DBE87 /* LaunchScreen.storyboard in Resources */,
				52348DF0258241C6006DBE87 /* Assets.xcassets in Resources */,
				52AE57DE2582B204004F8DD7 /* SF-Pro-Display-Bold.otf in Resources */,
				52AE57DF2582B204004F8DD7 /* SF-Pro.ttf in Resources */,
				52AE57CD2582AE72004F8DD7 /* MainCell.xib in Resources */,
				52348DEE258241C2006DBE87 /* Main.storyboard in Resources */,
				52E9AEE82582BAA800C86A26 /* SF-Pro-Text-Regular.otf in Resources */,
				52AE57D22582B10C004F8DD7 /* SF-Pro-Text-Semibold.otf in Resources */,
			);
			runOnlyForDeploymentPostprocessing = 0;
		};
		52348DF7258241C6006DBE87 /* Resources */ = {
			isa = PBXResourcesBuildPhase;
			buildActionMask = 2147483647;
			files = (
			);
			runOnlyForDeploymentPostprocessing = 0;
		};
		52348E02258241C6006DBE87 /* Resources */ = {
			isa = PBXResourcesBuildPhase;
			buildActionMask = 2147483647;
			files = (
			);
			runOnlyForDeploymentPostprocessing = 0;
		};
/* End PBXResourcesBuildPhase section */

/* Begin PBXSourcesBuildPhase section */
		52348DDF258241C2006DBE87 /* Sources */ = {
			isa = PBXSourcesBuildPhase;
			buildActionMask = 2147483647;
			files = (
				523C87EE2582E3E200A56998 /* ARSProgressLoader.swift in Sources */,
				52AE57BE25829F9F004F8DD7 /* Constants.swift in Sources */,
				523C87E92582E3E200A56998 /* ARSLineProgressConstants.swift in Sources */,
				52AE57CC2582AE72004F8DD7 /* MainCell.swift in Sources */,
				523C87E72582E3E200A56998 /* ARSLineProgressTypeAliases.swift in Sources */,
				523C87ED2582E3E200A56998 /* ARSStatus.swift in Sources */,
				52AE57C62582AB49004F8DD7 /* ExtensionLettersSpacing.swift in Sources */,
				523C87EF2582E3E200A56998 /* ARSLineProgressProtocols.swift in Sources */,
				52348E322582482B006DBE87 /* MainViewController.swift in Sources */,
				523C87EC2582E3E200A56998 /* ARSLineProgressCustomization.swift in Sources */,
				52348DE7258241C2006DBE87 /* AppDelegate.swift in Sources */,
				5278FAF4258265F2000B2313 /* ExtenstionUINavController.swift in Sources */,
				52E9AF082582C28100C86A26 /* GitHubDataModel.swift in Sources */,
				523C87EB2582E3E200A56998 /* ARSLineProgressExtensions.swift in Sources */,
				523C87E82582E3E200A56998 /* ARSInfiniteLoader.swift in Sources */,
				523C87EA2582E3E200A56998 /* ARSLineProgress.swift in Sources */,
				52348E372582484D006DBE87 /* DetailsViewController.swift in Sources */,
				523C87E62582E3E200A56998 /* ARSLineProgressHelpers.swift in Sources */,
			);
			runOnlyForDeploymentPostprocessing = 0;
		};
		52348DF5258241C6006DBE87 /* Sources */ = {
			isa = PBXSourcesBuildPhase;
			buildActionMask = 2147483647;
			files = (
				52348DFE258241C6006DBE87 /* GitHubRepofinderTests.swift in Sources */,
			);
			runOnlyForDeploymentPostprocessing = 0;
		};
		52348E00258241C6006DBE87 /* Sources */ = {
			isa = PBXSourcesBuildPhase;
			buildActionMask = 2147483647;
			files = (
				52348E09258241C6006DBE87 /* GitHubRepofinderUITests.swift in Sources */,
			);
			runOnlyForDeploymentPostprocessing = 0;
		};
/* End PBXSourcesBuildPhase section */

/* Begin PBXTargetDependency section */
		52348DFB258241C6006DBE87 /* PBXTargetDependency */ = {
			isa = PBXTargetDependency;
			target = 52348DE2258241C2006DBE87 /* GitHubRepofinder */;
			targetProxy = 52348DFA258241C6006DBE87 /* PBXContainerItemProxy */;
		};
		52348E06258241C6006DBE87 /* PBXTargetDependency */ = {
			isa = PBXTargetDependency;
			target = 52348DE2258241C2006DBE87 /* GitHubRepofinder */;
			targetProxy = 52348E05258241C6006DBE87 /* PBXContainerItemProxy */;
		};
/* End PBXTargetDependency section */

/* Begin PBXVariantGroup section */
		52348DEC258241C2006DBE87 /* Main.storyboard */ = {
			isa = PBXVariantGroup;
			children = (
				52348DED258241C2006DBE87 /* Base */,
			);
			name = Main.storyboard;
			sourceTree = "<group>";
		};
		52348DF1258241C6006DBE87 /* LaunchScreen.storyboard */ = {
			isa = PBXVariantGroup;
			children = (
				52348DF2258241C6006DBE87 /* Base */,
			);
			name = LaunchScreen.storyboard;
			sourceTree = "<group>";
		};
/* End PBXVariantGroup section */

/* Begin XCBuildConfiguration section */
		52348E0B258241C6006DBE87 /* Debug */ = {
			isa = XCBuildConfiguration;
			buildSettings = {
				ALWAYS_SEARCH_USER_PATHS = NO;
				CLANG_ANALYZER_NONNULL = YES;
				CLANG_ANALYZER_NUMBER_OBJECT_CONVERSION = YES_AGGRESSIVE;
				CLANG_CXX_LANGUAGE_STANDARD = "gnu++14";
				CLANG_CXX_LIBRARY = "libc++";
				CLANG_ENABLE_MODULES = YES;
				CLANG_ENABLE_OBJC_ARC = YES;
				CLANG_ENABLE_OBJC_WEAK = YES;
				CLANG_WARN_BLOCK_CAPTURE_AUTORELEASING = YES;
				CLANG_WARN_BOOL_CONVERSION = YES;
				CLANG_WARN_COMMA = YES;
				CLANG_WARN_CONSTANT_CONVERSION = YES;
				CLANG_WARN_DEPRECATED_OBJC_IMPLEMENTATIONS = YES;
				CLANG_WARN_DIRECT_OBJC_ISA_USAGE = YES_ERROR;
				CLANG_WARN_DOCUMENTATION_COMMENTS = YES;
				CLANG_WARN_EMPTY_BODY = YES;
				CLANG_WARN_ENUM_CONVERSION = YES;
				CLANG_WARN_INFINITE_RECURSION = YES;
				CLANG_WARN_INT_CONVERSION = YES;
				CLANG_WARN_NON_LITERAL_NULL_CONVERSION = YES;
				CLANG_WARN_OBJC_IMPLICIT_RETAIN_SELF = YES;
				CLANG_WARN_OBJC_LITERAL_CONVERSION = YES;
				CLANG_WARN_OBJC_ROOT_CLASS = YES_ERROR;
				CLANG_WARN_QUOTED_INCLUDE_IN_FRAMEWORK_HEADER = YES;
				CLANG_WARN_RANGE_LOOP_ANALYSIS = YES;
				CLANG_WARN_STRICT_PROTOTYPES = YES;
				CLANG_WARN_SUSPICIOUS_MOVE = YES;
				CLANG_WARN_UNGUARDED_AVAILABILITY = YES_AGGRESSIVE;
				CLANG_WARN_UNREACHABLE_CODE = YES;
				CLANG_WARN__DUPLICATE_METHOD_MATCH = YES;
				COPY_PHASE_STRIP = NO;
				DEBUG_INFORMATION_FORMAT = dwarf;
				ENABLE_STRICT_OBJC_MSGSEND = YES;
				ENABLE_TESTABILITY = YES;
				GCC_C_LANGUAGE_STANDARD = gnu11;
				GCC_DYNAMIC_NO_PIC = NO;
				GCC_NO_COMMON_BLOCKS = YES;
				GCC_OPTIMIZATION_LEVEL = 0;
				GCC_PREPROCESSOR_DEFINITIONS = (
					"DEBUG=1",
					"$(inherited)",
				);
				GCC_WARN_64_TO_32_BIT_CONVERSION = YES;
				GCC_WARN_ABOUT_RETURN_TYPE = YES_ERROR;
				GCC_WARN_UNDECLARED_SELECTOR = YES;
				GCC_WARN_UNINITIALIZED_AUTOS = YES_AGGRESSIVE;
				GCC_WARN_UNUSED_FUNCTION = YES;
				GCC_WARN_UNUSED_VARIABLE = YES;
				IPHONEOS_DEPLOYMENT_TARGET = 12.0;
				MTL_ENABLE_DEBUG_INFO = INCLUDE_SOURCE;
				MTL_FAST_MATH = YES;
				ONLY_ACTIVE_ARCH = YES;
				SDKROOT = iphoneos;
				SWIFT_ACTIVE_COMPILATION_CONDITIONS = DEBUG;
				SWIFT_OPTIMIZATION_LEVEL = "-Onone";
			};
			name = Debug;
		};
		52348E0C258241C6006DBE87 /* Release */ = {
			isa = XCBuildConfiguration;
			buildSettings = {
				ALWAYS_SEARCH_USER_PATHS = NO;
				CLANG_ANALYZER_NONNULL = YES;
				CLANG_ANALYZER_NUMBER_OBJECT_CONVERSION = YES_AGGRESSIVE;
				CLANG_CXX_LANGUAGE_STANDARD = "gnu++14";
				CLANG_CXX_LIBRARY = "libc++";
				CLANG_ENABLE_MODULES = YES;
				CLANG_ENABLE_OBJC_ARC = YES;
				CLANG_ENABLE_OBJC_WEAK = YES;
				CLANG_WARN_BLOCK_CAPTURE_AUTORELEASING = YES;
				CLANG_WARN_BOOL_CONVERSION = YES;
				CLANG_WARN_COMMA = YES;
				CLANG_WARN_CONSTANT_CONVERSION = YES;
				CLANG_WARN_DEPRECATED_OBJC_IMPLEMENTATIONS = YES;
				CLANG_WARN_DIRECT_OBJC_ISA_USAGE = YES_ERROR;
				CLANG_WARN_DOCUMENTATION_COMMENTS = YES;
				CLANG_WARN_EMPTY_BODY = YES;
				CLANG_WARN_ENUM_CONVERSION = YES;
				CLANG_WARN_INFINITE_RECURSION = YES;
				CLANG_WARN_INT_CONVERSION = YES;
				CLANG_WARN_NON_LITERAL_NULL_CONVERSION = YES;
				CLANG_WARN_OBJC_IMPLICIT_RETAIN_SELF = YES;
				CLANG_WARN_OBJC_LITERAL_CONVERSION = YES;
				CLANG_WARN_OBJC_ROOT_CLASS = YES_ERROR;
				CLANG_WARN_QUOTED_INCLUDE_IN_FRAMEWORK_HEADER = YES;
				CLANG_WARN_RANGE_LOOP_ANALYSIS = YES;
				CLANG_WARN_STRICT_PROTOTYPES = YES;
				CLANG_WARN_SUSPICIOUS_MOVE = YES;
				CLANG_WARN_UNGUARDED_AVAILABILITY = YES_AGGRESSIVE;
				CLANG_WARN_UNREACHABLE_CODE = YES;
				CLANG_WARN__DUPLICATE_METHOD_MATCH = YES;
				COPY_PHASE_STRIP = NO;
				DEBUG_INFORMATION_FORMAT = "dwarf-with-dsym";
				ENABLE_NS_ASSERTIONS = NO;
				ENABLE_STRICT_OBJC_MSGSEND = YES;
				GCC_C_LANGUAGE_STANDARD = gnu11;
				GCC_NO_COMMON_BLOCKS = YES;
				GCC_WARN_64_TO_32_BIT_CONVERSION = YES;
				GCC_WARN_ABOUT_RETURN_TYPE = YES_ERROR;
				GCC_WARN_UNDECLARED_SELECTOR = YES;
				GCC_WARN_UNINITIALIZED_AUTOS = YES_AGGRESSIVE;
				GCC_WARN_UNUSED_FUNCTION = YES;
				GCC_WARN_UNUSED_VARIABLE = YES;
				IPHONEOS_DEPLOYMENT_TARGET = 12.0;
				MTL_ENABLE_DEBUG_INFO = NO;
				MTL_FAST_MATH = YES;
				SDKROOT = iphoneos;
				SWIFT_COMPILATION_MODE = wholemodule;
				SWIFT_OPTIMIZATION_LEVEL = "-O";
				VALIDATE_PRODUCT = YES;
			};
			name = Release;
		};
		52348E0E258241C6006DBE87 /* Debug */ = {
			isa = XCBuildConfiguration;
			buildSettings = {
				ASSETCATALOG_COMPILER_APPICON_NAME = AppIcon;
				ASSETCATALOG_COMPILER_GLOBAL_ACCENT_COLOR_NAME = AccentColor;
				CODE_SIGN_STYLE = Automatic;
				DEVELOPMENT_TEAM = UADL7D88KK;
				INFOPLIST_FILE = "$(SRCROOT)/GitHubRepofinder/Supporting Files/Info.plist";
				IPHONEOS_DEPLOYMENT_TARGET = 12.0;
				LD_RUNPATH_SEARCH_PATHS = (
					"$(inherited)",
					"@executable_path/Frameworks",
				);
				PRODUCT_BUNDLE_IDENTIFIER = "com.t-pal.GitHubRepofinder";
				PRODUCT_NAME = "$(TARGET_NAME)";
				SWIFT_VERSION = 5.0;
				TARGETED_DEVICE_FAMILY = 1;
			};
			name = Debug;
		};
		52348E0F258241C6006DBE87 /* Release */ = {
			isa = XCBuildConfiguration;
			buildSettings = {
				ASSETCATALOG_COMPILER_APPICON_NAME = AppIcon;
				ASSETCATALOG_COMPILER_GLOBAL_ACCENT_COLOR_NAME = AccentColor;
				CODE_SIGN_STYLE = Automatic;
				DEVELOPMENT_TEAM = UADL7D88KK;
				INFOPLIST_FILE = "$(SRCROOT)/GitHubRepofinder/Supporting Files/Info.plist";
				IPHONEOS_DEPLOYMENT_TARGET = 12.0;
				LD_RUNPATH_SEARCH_PATHS = (
					"$(inherited)",
					"@executable_path/Frameworks",
				);
				PRODUCT_BUNDLE_IDENTIFIER = "com.t-pal.GitHubRepofinder";
				PRODUCT_NAME = "$(TARGET_NAME)";
				SWIFT_VERSION = 5.0;
				TARGETED_DEVICE_FAMILY = 1;
			};
			name = Release;
		};
		52348E11258241C6006DBE87 /* Debug */ = {
			isa = XCBuildConfiguration;
			buildSettings = {
				ALWAYS_EMBED_SWIFT_STANDARD_LIBRARIES = YES;
				BUNDLE_LOADER = "$(TEST_HOST)";
				CODE_SIGN_STYLE = Automatic;
				DEVELOPMENT_TEAM = UADL7D88KK;
				INFOPLIST_FILE = GitHubRepofinderTests/Info.plist;
				IPHONEOS_DEPLOYMENT_TARGET = 14.1;
				LD_RUNPATH_SEARCH_PATHS = (
					"$(inherited)",
					"@executable_path/Frameworks",
					"@loader_path/Frameworks",
				);
				PRODUCT_BUNDLE_IDENTIFIER = "com.t-pal.GitHubRepofinderTests";
				PRODUCT_NAME = "$(TARGET_NAME)";
				SWIFT_VERSION = 5.0;
				TARGETED_DEVICE_FAMILY = "1,2";
				TEST_HOST = "$(BUILT_PRODUCTS_DIR)/GitHubRepofinder.app/GitHubRepofinder";
			};
			name = Debug;
		};
		52348E12258241C6006DBE87 /* Release */ = {
			isa = XCBuildConfiguration;
			buildSettings = {
				ALWAYS_EMBED_SWIFT_STANDARD_LIBRARIES = YES;
				BUNDLE_LOADER = "$(TEST_HOST)";
				CODE_SIGN_STYLE = Automatic;
				DEVELOPMENT_TEAM = UADL7D88KK;
				INFOPLIST_FILE = GitHubRepofinderTests/Info.plist;
				IPHONEOS_DEPLOYMENT_TARGET = 14.1;
				LD_RUNPATH_SEARCH_PATHS = (
					"$(inherited)",
					"@executable_path/Frameworks",
					"@loader_path/Frameworks",
				);
				PRODUCT_BUNDLE_IDENTIFIER = "com.t-pal.GitHubRepofinderTests";
				PRODUCT_NAME = "$(TARGET_NAME)";
				SWIFT_VERSION = 5.0;
				TARGETED_DEVICE_FAMILY = "1,2";
				TEST_HOST = "$(BUILT_PRODUCTS_DIR)/GitHubRepofinder.app/GitHubRepofinder";
			};
			name = Release;
		};
		52348E14258241C6006DBE87 /* Debug */ = {
			isa = XCBuildConfiguration;
			buildSettings = {
				ALWAYS_EMBED_SWIFT_STANDARD_LIBRARIES = YES;
				CODE_SIGN_STYLE = Automatic;
				DEVELOPMENT_TEAM = UADL7D88KK;
				INFOPLIST_FILE = GitHubRepofinderUITests/Info.plist;
				LD_RUNPATH_SEARCH_PATHS = (
					"$(inherited)",
					"@executable_path/Frameworks",
					"@loader_path/Frameworks",
				);
				PRODUCT_BUNDLE_IDENTIFIER = "com.t-pal.GitHubRepofinderUITests";
				PRODUCT_NAME = "$(TARGET_NAME)";
				SWIFT_VERSION = 5.0;
				TARGETED_DEVICE_FAMILY = "1,2";
				TEST_TARGET_NAME = GitHubRepofinder;
			};
			name = Debug;
		};
		52348E15258241C6006DBE87 /* Release */ = {
			isa = XCBuildConfiguration;
			buildSettings = {
				ALWAYS_EMBED_SWIFT_STANDARD_LIBRARIES = YES;
				CODE_SIGN_STYLE = Automatic;
				DEVELOPMENT_TEAM = UADL7D88KK;
				INFOPLIST_FILE = GitHubRepofinderUITests/Info.plist;
				LD_RUNPATH_SEARCH_PATHS = (
					"$(inherited)",
					"@executable_path/Frameworks",
					"@loader_path/Frameworks",
				);
				PRODUCT_BUNDLE_IDENTIFIER = "com.t-pal.GitHubRepofinderUITests";
				PRODUCT_NAME = "$(TARGET_NAME)";
				SWIFT_VERSION = 5.0;
				TARGETED_DEVICE_FAMILY = "1,2";
				TEST_TARGET_NAME = GitHubRepofinder;
			};
			name = Release;
		};
/* End XCBuildConfiguration section */

/* Begin XCConfigurationList section */
		52348DDE258241C2006DBE87 /* Build configuration list for PBXProject "GitHubRepofinder" */ = {
			isa = XCConfigurationList;
			buildConfigurations = (
				52348E0B258241C6006DBE87 /* Debug */,
				52348E0C258241C6006DBE87 /* Release */,
			);
			defaultConfigurationIsVisible = 0;
			defaultConfigurationName = Release;
		};
		52348E0D258241C6006DBE87 /* Build configuration list for PBXNativeTarget "GitHubRepofinder" */ = {
			isa = XCConfigurationList;
			buildConfigurations = (
				52348E0E258241C6006DBE87 /* Debug */,
				52348E0F258241C6006DBE87 /* Release */,
			);
			defaultConfigurationIsVisible = 0;
			defaultConfigurationName = Release;
		};
		52348E10258241C6006DBE87 /* Build configuration list for PBXNativeTarget "GitHubRepofinderTests" */ = {
			isa = XCConfigurationList;
			buildConfigurations = (
				52348E11258241C6006DBE87 /* Debug */,
				52348E12258241C6006DBE87 /* Release */,
			);
			defaultConfigurationIsVisible = 0;
			defaultConfigurationName = Release;
		};
		52348E13258241C6006DBE87 /* Build configuration list for PBXNativeTarget "GitHubRepofinderUITests" */ = {
			isa = XCConfigurationList;
			buildConfigurations = (
				52348E14258241C6006DBE87 /* Debug */,
				52348E15258241C6006DBE87 /* Release */,
			);
			defaultConfigurationIsVisible = 0;
			defaultConfigurationName = Release;
		};
/* End XCConfigurationList section */

/* Begin XCRemoteSwiftPackageReference section */
		52E9AEEF2582BFF000C86A26 /* XCRemoteSwiftPackageReference "Alamofire" */ = {
			isa = XCRemoteSwiftPackageReference;
			repositoryURL = "https://github.com/Alamofire/Alamofire.git";
			requirement = {
				kind = upToNextMajorVersion;
				minimumVersion = 5.4.0;
			};
		};
		52E9AEF52582C01500C86A26 /* XCRemoteSwiftPackageReference "SwiftyJSON" */ = {
			isa = XCRemoteSwiftPackageReference;
			repositoryURL = "https://github.com/SwiftyJSON/SwiftyJSON.git";
			requirement = {
				kind = upToNextMajorVersion;
				minimumVersion = 5.0.0;
			};
		};
		52E9AEFB2582C04700C86A26 /* XCRemoteSwiftPackageReference "IQKeyboardManager" */ = {
			isa = XCRemoteSwiftPackageReference;
			repositoryURL = "https://github.com/hackiftekhar/IQKeyboardManager.git";
			requirement = {
				kind = upToNextMajorVersion;
				minimumVersion = 6.5.6;
			};
		};
		52E9AF012582C06B00C86A26 /* XCRemoteSwiftPackageReference "SDWebImage" */ = {
			isa = XCRemoteSwiftPackageReference;
			repositoryURL = "https://github.com/SDWebImage/SDWebImage.git";
			requirement = {
				kind = upToNextMajorVersion;
				minimumVersion = 5.10.0;
			};
		};
/* End XCRemoteSwiftPackageReference section */

/* Begin XCSwiftPackageProductDependency section */
		52E9AEF02582BFF000C86A26 /* Alamofire */ = {
			isa = XCSwiftPackageProductDependency;
			package = 52E9AEEF2582BFF000C86A26 /* XCRemoteSwiftPackageReference "Alamofire" */;
			productName = Alamofire;
		};
		52E9AEF62582C01500C86A26 /* SwiftyJSON */ = {
			isa = XCSwiftPackageProductDependency;
			package = 52E9AEF52582C01500C86A26 /* XCRemoteSwiftPackageReference "SwiftyJSON" */;
			productName = SwiftyJSON;
		};
		52E9AEFC2582C04700C86A26 /* IQKeyboardManagerSwift */ = {
			isa = XCSwiftPackageProductDependency;
			package = 52E9AEFB2582C04700C86A26 /* XCRemoteSwiftPackageReference "IQKeyboardManager" */;
			productName = IQKeyboardManagerSwift;
		};
		52E9AF022582C06B00C86A26 /* SDWebImage */ = {
			isa = XCSwiftPackageProductDependency;
			package = 52E9AF012582C06B00C86A26 /* XCRemoteSwiftPackageReference "SDWebImage" */;
			productName = SDWebImage;
		};
/* End XCSwiftPackageProductDependency section */
	};
	rootObject = 52348DDB258241C2006DBE87 /* Project object */;
}
